
Microsoft Visual Studio Solution File, Format Version 12.00
# Visual Studio Version 17
VisualStudioVersion = 17.5.33516.290
MinimumVisualStudioVersion = 10.0.40219.1
Project("{FAE04EC0-301F-11D3-BF4B-00C04F79EFBC}") = "Wpfapp-test-software-development", "Wpfapp-test-software-development\Wpfapp-test-software-development.csproj", "{3BBE0EA5-75F6-4D70-B9C7-3180D78C7DF6}"
EndProject
Global
	GlobalSection(SolutionConfigurationPlatforms) = preSolution
		Debug|Any CPU = Debug|Any CPU
		Release|Any CPU = Release|Any CPU
	EndGlobalSection
	GlobalSection(ProjectConfigurationPlatforms) = postSolution
		{3BBE0EA5-75F6-4D70-B9C7-3180D78C7DF6}.Debug|Any CPU.ActiveCfg = Debug|Any CPU
		{3BBE0EA5-75F6-4D70-B9C7-3180D78C7DF6}.Debug|Any CPU.Build.0 = Debug|Any CPU
		{3BBE0EA5-75F6-4D70-B9C7-3180D78C7DF6}.Release|Any CPU.ActiveCfg = Release|Any CPU
		{3BBE0EA5-75F6-4D70-B9C7-3180D78C7DF6}.Release|Any CPU.Build.0 = Release|Any CPU
	EndGlobalSection
	GlobalSection(SolutionProperties) = preSolution
		HideSolutionNode = FALSE
	EndGlobalSection
	GlobalSection(ExtensibilityGlobals) = postSolution
		SolutionGuid = {16626CFB-45ED-44AE-99EB-2AF2DB3045B6}
	EndGlobalSection
EndGlobal
